
Microsoft Visual Studio Solution File, Format Version 12.00
# Visual Studio 15
VisualStudioVersion = 15.0.26403.0
MinimumVisualStudioVersion = 10.0.40219.1
Project("{FAE04EC0-301F-11D3-BF4B-00C04F79EFBC}") = "RotateLinkedList", "HackerrankChallenges\RotateLinkedList.csproj", "{46486B91-5200-4B2E-89D3-CA708898BD80}"
EndProject
Project("{8BC9CEB8-8B4A-11D0-8D11-00A0C91BC942}") = "HackerrankChallenges2", "HackerrankChallenges2\HackerrankChallenges2.vcxproj", "{B1CE696E-FBDD-4848-B893-9772C07206AE}"
EndProject
Project("{FAE04EC0-301F-11D3-BF4B-00C04F79EFBC}") = "FindNumberOfContacts", "HackerrankChallenges3\FindNumberOfContacts.csproj", "{81A0FD92-A2FE-4B1C-A3B5-AD54072F001A}"
EndProject
Project("{FAE04EC0-301F-11D3-BF4B-00C04F79EFBC}") = "RunningMedian", "HackerRankChallenge4\RunningMedian.csproj", "{55BF3AC9-1B2E-442B-A6DF-EC19430FF062}"
EndProject
Project("{FAE04EC0-301F-11D3-BF4B-00C04F79EFBC}") = "GetBiggestIsland", "HackerrankChallenge5\GetBiggestIsland.csproj", "{C1F328B7-AE91-4A7C-AAB3-11A6261A2DD6}"
EndProject
Project("{FAE04EC0-301F-11D3-BF4B-00C04F79EFBC}") = "GetMaxNumberOfRecurringChar", "HackerrankChallenge6\GetMaxNumberOfRecurringChar.csproj", "{CCE945D6-A01B-440E-9387-D64403EEEAD8}"
EndProject
Project("{FAE04EC0-301F-11D3-BF4B-00C04F79EFBC}") = "HeapImplementation", "HackerrankChallenge7\HeapImplementation.csproj", "{D1E9009B-750F-469D-AF31-89C7A8888B1F}"
EndProject
Project("{FAE04EC0-301F-11D3-BF4B-00C04F79EFBC}") = "MaxPoints", "HackerrankChallenge8\MaxPoints.csproj", "{970FBC9C-45B6-494F-825B-80C28C6F76D4}"
EndProject
Project("{FAE04EC0-301F-11D3-BF4B-00C04F79EFBC}") = "MatchingBracket", "HackerrankChallenge9\MatchingBracket.csproj", "{55C49480-3A39-438C-AF34-339AADD79123}"
EndProject
Project("{9A19103F-16F7-4668-BE54-9A1E7A4F7556}") = "MoveZerosToEnd", "HackerrankChallenge10\MoveZerosToEnd.csproj", "{09FCD54E-87FB-41CE-A826-0FE960E04DF9}"
EndProject
Project("{FAE04EC0-301F-11D3-BF4B-00C04F79EFBC}") = "NthFibonacci", "NthFibinacci\NthFibonacci.csproj", "{2FCF90FA-4251-4556-913B-947AE26CD6F9}"
EndProject
Global
	GlobalSection(SolutionConfigurationPlatforms) = preSolution
		Debug|Any CPU = Debug|Any CPU
		Debug|x64 = Debug|x64
		Debug|x86 = Debug|x86
		Release|Any CPU = Release|Any CPU
		Release|x64 = Release|x64
		Release|x86 = Release|x86
	EndGlobalSection
	GlobalSection(ProjectConfigurationPlatforms) = postSolution
		{46486B91-5200-4B2E-89D3-CA708898BD80}.Debug|Any CPU.ActiveCfg = Debug|Any CPU
		{46486B91-5200-4B2E-89D3-CA708898BD80}.Debug|Any CPU.Build.0 = Debug|Any CPU
		{46486B91-5200-4B2E-89D3-CA708898BD80}.Debug|x64.ActiveCfg = Debug|Any CPU
		{46486B91-5200-4B2E-89D3-CA708898BD80}.Debug|x64.Build.0 = Debug|Any CPU
		{46486B91-5200-4B2E-89D3-CA708898BD80}.Debug|x86.ActiveCfg = Debug|Any CPU
		{46486B91-5200-4B2E-89D3-CA708898BD80}.Debug|x86.Build.0 = Debug|Any CPU
		{46486B91-5200-4B2E-89D3-CA708898BD80}.Release|Any CPU.ActiveCfg = Release|Any CPU
		{46486B91-5200-4B2E-89D3-CA708898BD80}.Release|Any CPU.Build.0 = Release|Any CPU
		{46486B91-5200-4B2E-89D3-CA708898BD80}.Release|x64.ActiveCfg = Release|Any CPU
		{46486B91-5200-4B2E-89D3-CA708898BD80}.Release|x64.Build.0 = Release|Any CPU
		{46486B91-5200-4B2E-89D3-CA708898BD80}.Release|x86.ActiveCfg = Release|Any CPU
		{46486B91-5200-4B2E-89D3-CA708898BD80}.Release|x86.Build.0 = Release|Any CPU
		{B1CE696E-FBDD-4848-B893-9772C07206AE}.Debug|Any CPU.ActiveCfg = Debug|Win32
		{B1CE696E-FBDD-4848-B893-9772C07206AE}.Debug|x64.ActiveCfg = Debug|x64
		{B1CE696E-FBDD-4848-B893-9772C07206AE}.Debug|x64.Build.0 = Debug|x64
		{B1CE696E-FBDD-4848-B893-9772C07206AE}.Debug|x86.ActiveCfg = Debug|Win32
		{B1CE696E-FBDD-4848-B893-9772C07206AE}.Debug|x86.Build.0 = Debug|Win32
		{B1CE696E-FBDD-4848-B893-9772C07206AE}.Release|Any CPU.ActiveCfg = Release|Win32
		{B1CE696E-FBDD-4848-B893-9772C07206AE}.Release|x64.ActiveCfg = Release|x64
		{B1CE696E-FBDD-4848-B893-9772C07206AE}.Release|x64.Build.0 = Release|x64
		{B1CE696E-FBDD-4848-B893-9772C07206AE}.Release|x86.ActiveCfg = Release|Win32
		{B1CE696E-FBDD-4848-B893-9772C07206AE}.Release|x86.Build.0 = Release|Win32
		{81A0FD92-A2FE-4B1C-A3B5-AD54072F001A}.Debug|Any CPU.ActiveCfg = Debug|Any CPU
		{81A0FD92-A2FE-4B1C-A3B5-AD54072F001A}.Debug|Any CPU.Build.0 = Debug|Any CPU
		{81A0FD92-A2FE-4B1C-A3B5-AD54072F001A}.Debug|x64.ActiveCfg = Debug|Any CPU
		{81A0FD92-A2FE-4B1C-A3B5-AD54072F001A}.Debug|x64.Build.0 = Debug|Any CPU
		{81A0FD92-A2FE-4B1C-A3B5-AD54072F001A}.Debug|x86.ActiveCfg = Debug|Any CPU
		{81A0FD92-A2FE-4B1C-A3B5-AD54072F001A}.Debug|x86.Build.0 = Debug|Any CPU
		{81A0FD92-A2FE-4B1C-A3B5-AD54072F001A}.Release|Any CPU.ActiveCfg = Release|Any CPU
		{81A0FD92-A2FE-4B1C-A3B5-AD54072F001A}.Release|Any CPU.Build.0 = Release|Any CPU
		{81A0FD92-A2FE-4B1C-A3B5-AD54072F001A}.Release|x64.ActiveCfg = Release|Any CPU
		{81A0FD92-A2FE-4B1C-A3B5-AD54072F001A}.Release|x64.Build.0 = Release|Any CPU
		{81A0FD92-A2FE-4B1C-A3B5-AD54072F001A}.Release|x86.ActiveCfg = Release|Any CPU
		{81A0FD92-A2FE-4B1C-A3B5-AD54072F001A}.Release|x86.Build.0 = Release|Any CPU
		{55BF3AC9-1B2E-442B-A6DF-EC19430FF062}.Debug|Any CPU.ActiveCfg = Debug|Any CPU
		{55BF3AC9-1B2E-442B-A6DF-EC19430FF062}.Debug|Any CPU.Build.0 = Debug|Any CPU
		{55BF3AC9-1B2E-442B-A6DF-EC19430FF062}.Debug|x64.ActiveCfg = Debug|Any CPU
		{55BF3AC9-1B2E-442B-A6DF-EC19430FF062}.Debug|x64.Build.0 = Debug|Any CPU
		{55BF3AC9-1B2E-442B-A6DF-EC19430FF062}.Debug|x86.ActiveCfg = Debug|Any CPU
		{55BF3AC9-1B2E-442B-A6DF-EC19430FF062}.Debug|x86.Build.0 = Debug|Any CPU
		{55BF3AC9-1B2E-442B-A6DF-EC19430FF062}.Release|Any CPU.ActiveCfg = Release|Any CPU
		{55BF3AC9-1B2E-442B-A6DF-EC19430FF062}.Release|Any CPU.Build.0 = Release|Any CPU
		{55BF3AC9-1B2E-442B-A6DF-EC19430FF062}.Release|x64.ActiveCfg = Release|Any CPU
		{55BF3AC9-1B2E-442B-A6DF-EC19430FF062}.Release|x64.Build.0 = Release|Any CPU
		{55BF3AC9-1B2E-442B-A6DF-EC19430FF062}.Release|x86.ActiveCfg = Release|Any CPU
		{55BF3AC9-1B2E-442B-A6DF-EC19430FF062}.Release|x86.Build.0 = Release|Any CPU
		{C1F328B7-AE91-4A7C-AAB3-11A6261A2DD6}.Debug|Any CPU.ActiveCfg = Debug|Any CPU
		{C1F328B7-AE91-4A7C-AAB3-11A6261A2DD6}.Debug|Any CPU.Build.0 = Debug|Any CPU
		{C1F328B7-AE91-4A7C-AAB3-11A6261A2DD6}.Debug|x64.ActiveCfg = Debug|Any CPU
		{C1F328B7-AE91-4A7C-AAB3-11A6261A2DD6}.Debug|x64.Build.0 = Debug|Any CPU
		{C1F328B7-AE91-4A7C-AAB3-11A6261A2DD6}.Debug|x86.ActiveCfg = Debug|Any CPU
		{C1F328B7-AE91-4A7C-AAB3-11A6261A2DD6}.Debug|x86.Build.0 = Debug|Any CPU
		{C1F328B7-AE91-4A7C-AAB3-11A6261A2DD6}.Release|Any CPU.ActiveCfg = Release|Any CPU
		{C1F328B7-AE91-4A7C-AAB3-11A6261A2DD6}.Release|Any CPU.Build.0 = Release|Any CPU
		{C1F328B7-AE91-4A7C-AAB3-11A6261A2DD6}.Release|x64.ActiveCfg = Release|Any CPU
		{C1F328B7-AE91-4A7C-AAB3-11A6261A2DD6}.Release|x64.Build.0 = Release|Any CPU
		{C1F328B7-AE91-4A7C-AAB3-11A6261A2DD6}.Release|x86.ActiveCfg = Release|Any CPU
		{C1F328B7-AE91-4A7C-AAB3-11A6261A2DD6}.Release|x86.Build.0 = Release|Any CPU
		{CCE945D6-A01B-440E-9387-D64403EEEAD8}.Debug|Any CPU.ActiveCfg = Debug|Any CPU
		{CCE945D6-A01B-440E-9387-D64403EEEAD8}.Debug|Any CPU.Build.0 = Debug|Any CPU
		{CCE945D6-A01B-440E-9387-D64403EEEAD8}.Debug|x64.ActiveCfg = Debug|Any CPU
		{CCE945D6-A01B-440E-9387-D64403EEEAD8}.Debug|x64.Build.0 = Debug|Any CPU
		{CCE945D6-A01B-440E-9387-D64403EEEAD8}.Debug|x86.ActiveCfg = Debug|Any CPU
		{CCE945D6-A01B-440E-9387-D64403EEEAD8}.Debug|x86.Build.0 = Debug|Any CPU
		{CCE945D6-A01B-440E-9387-D64403EEEAD8}.Release|Any CPU.ActiveCfg = Release|Any CPU
		{CCE945D6-A01B-440E-9387-D64403EEEAD8}.Release|Any CPU.Build.0 = Release|Any CPU
		{CCE945D6-A01B-440E-9387-D64403EEEAD8}.Release|x64.ActiveCfg = Release|Any CPU
		{CCE945D6-A01B-440E-9387-D64403EEEAD8}.Release|x64.Build.0 = Release|Any CPU
		{CCE945D6-A01B-440E-9387-D64403EEEAD8}.Release|x86.ActiveCfg = Release|Any CPU
		{CCE945D6-A01B-440E-9387-D64403EEEAD8}.Release|x86.Build.0 = Release|Any CPU
		{D1E9009B-750F-469D-AF31-89C7A8888B1F}.Debug|Any CPU.ActiveCfg = Debug|Any CPU
		{D1E9009B-750F-469D-AF31-89C7A8888B1F}.Debug|Any CPU.Build.0 = Debug|Any CPU
		{D1E9009B-750F-469D-AF31-89C7A8888B1F}.Debug|x64.ActiveCfg = Debug|Any CPU
		{D1E9009B-750F-469D-AF31-89C7A8888B1F}.Debug|x64.Build.0 = Debug|Any CPU
		{D1E9009B-750F-469D-AF31-89C7A8888B1F}.Debug|x86.ActiveCfg = Debug|Any CPU
		{D1E9009B-750F-469D-AF31-89C7A8888B1F}.Debug|x86.Build.0 = Debug|Any CPU
		{D1E9009B-750F-469D-AF31-89C7A8888B1F}.Release|Any CPU.ActiveCfg = Release|Any CPU
		{D1E9009B-750F-469D-AF31-89C7A8888B1F}.Release|Any CPU.Build.0 = Release|Any CPU
		{D1E9009B-750F-469D-AF31-89C7A8888B1F}.Release|x64.ActiveCfg = Release|Any CPU
		{D1E9009B-750F-469D-AF31-89C7A8888B1F}.Release|x64.Build.0 = Release|Any CPU
		{D1E9009B-750F-469D-AF31-89C7A8888B1F}.Release|x86.ActiveCfg = Release|Any CPU
		{D1E9009B-750F-469D-AF31-89C7A8888B1F}.Release|x86.Build.0 = Release|Any CPU
		{970FBC9C-45B6-494F-825B-80C28C6F76D4}.Debug|Any CPU.ActiveCfg = Debug|Any CPU
		{970FBC9C-45B6-494F-825B-80C28C6F76D4}.Debug|Any CPU.Build.0 = Debug|Any CPU
		{970FBC9C-45B6-494F-825B-80C28C6F76D4}.Debug|x64.ActiveCfg = Debug|Any CPU
		{970FBC9C-45B6-494F-825B-80C28C6F76D4}.Debug|x64.Build.0 = Debug|Any CPU
		{970FBC9C-45B6-494F-825B-80C28C6F76D4}.Debug|x86.ActiveCfg = Debug|Any CPU
		{970FBC9C-45B6-494F-825B-80C28C6F76D4}.Debug|x86.Build.0 = Debug|Any CPU
		{970FBC9C-45B6-494F-825B-80C28C6F76D4}.Release|Any CPU.ActiveCfg = Release|Any CPU
		{970FBC9C-45B6-494F-825B-80C28C6F76D4}.Release|Any CPU.Build.0 = Release|Any CPU
		{970FBC9C-45B6-494F-825B-80C28C6F76D4}.Release|x64.ActiveCfg = Release|Any CPU
		{970FBC9C-45B6-494F-825B-80C28C6F76D4}.Release|x64.Build.0 = Release|Any CPU
		{970FBC9C-45B6-494F-825B-80C28C6F76D4}.Release|x86.ActiveCfg = Release|Any CPU
		{970FBC9C-45B6-494F-825B-80C28C6F76D4}.Release|x86.Build.0 = Release|Any CPU
		{55C49480-3A39-438C-AF34-339AADD79123}.Debug|Any CPU.ActiveCfg = Debug|Any CPU
		{55C49480-3A39-438C-AF34-339AADD79123}.Debug|Any CPU.Build.0 = Debug|Any CPU
		{55C49480-3A39-438C-AF34-339AADD79123}.Debug|x64.ActiveCfg = Debug|Any CPU
		{55C49480-3A39-438C-AF34-339AADD79123}.Debug|x64.Build.0 = Debug|Any CPU
		{55C49480-3A39-438C-AF34-339AADD79123}.Debug|x86.ActiveCfg = Debug|Any CPU
		{55C49480-3A39-438C-AF34-339AADD79123}.Debug|x86.Build.0 = Debug|Any CPU
		{55C49480-3A39-438C-AF34-339AADD79123}.Release|Any CPU.ActiveCfg = Release|Any CPU
		{55C49480-3A39-438C-AF34-339AADD79123}.Release|Any CPU.Build.0 = Release|Any CPU
		{55C49480-3A39-438C-AF34-339AADD79123}.Release|x64.ActiveCfg = Release|Any CPU
		{55C49480-3A39-438C-AF34-339AADD79123}.Release|x64.Build.0 = Release|Any CPU
		{55C49480-3A39-438C-AF34-339AADD79123}.Release|x86.ActiveCfg = Release|Any CPU
		{55C49480-3A39-438C-AF34-339AADD79123}.Release|x86.Build.0 = Release|Any CPU
		{09FCD54E-87FB-41CE-A826-0FE960E04DF9}.Debug|Any CPU.ActiveCfg = Debug|Any CPU
		{09FCD54E-87FB-41CE-A826-0FE960E04DF9}.Debug|Any CPU.Build.0 = Debug|Any CPU
		{09FCD54E-87FB-41CE-A826-0FE960E04DF9}.Debug|x64.ActiveCfg = Debug|Any CPU
		{09FCD54E-87FB-41CE-A826-0FE960E04DF9}.Debug|x64.Build.0 = Debug|Any CPU
		{09FCD54E-87FB-41CE-A826-0FE960E04DF9}.Debug|x86.ActiveCfg = Debug|Any CPU
		{09FCD54E-87FB-41CE-A826-0FE960E04DF9}.Debug|x86.Build.0 = Debug|Any CPU
		{09FCD54E-87FB-41CE-A826-0FE960E04DF9}.Release|Any CPU.ActiveCfg = Release|Any CPU
		{09FCD54E-87FB-41CE-A826-0FE960E04DF9}.Release|Any CPU.Build.0 = Release|Any CPU
		{09FCD54E-87FB-41CE-A826-0FE960E04DF9}.Release|x64.ActiveCfg = Release|Any CPU
		{09FCD54E-87FB-41CE-A826-0FE960E04DF9}.Release|x64.Build.0 = Release|Any CPU
		{09FCD54E-87FB-41CE-A826-0FE960E04DF9}.Release|x86.ActiveCfg = Release|Any CPU
		{09FCD54E-87FB-41CE-A826-0FE960E04DF9}.Release|x86.Build.0 = Release|Any CPU
		{2FCF90FA-4251-4556-913B-947AE26CD6F9}.Debug|Any CPU.ActiveCfg = Debug|Any CPU
		{2FCF90FA-4251-4556-913B-947AE26CD6F9}.Debug|Any CPU.Build.0 = Debug|Any CPU
		{2FCF90FA-4251-4556-913B-947AE26CD6F9}.Debug|x64.ActiveCfg = Debug|Any CPU
		{2FCF90FA-4251-4556-913B-947AE26CD6F9}.Debug|x64.Build.0 = Debug|Any CPU
		{2FCF90FA-4251-4556-913B-947AE26CD6F9}.Debug|x86.ActiveCfg = Debug|Any CPU
		{2FCF90FA-4251-4556-913B-947AE26CD6F9}.Debug|x86.Build.0 = Debug|Any CPU
		{2FCF90FA-4251-4556-913B-947AE26CD6F9}.Release|Any CPU.ActiveCfg = Release|Any CPU
		{2FCF90FA-4251-4556-913B-947AE26CD6F9}.Release|Any CPU.Build.0 = Release|Any CPU
		{2FCF90FA-4251-4556-913B-947AE26CD6F9}.Release|x64.ActiveCfg = Release|Any CPU
		{2FCF90FA-4251-4556-913B-947AE26CD6F9}.Release|x64.Build.0 = Release|Any CPU
		{2FCF90FA-4251-4556-913B-947AE26CD6F9}.Release|x86.ActiveCfg = Release|Any CPU
		{2FCF90FA-4251-4556-913B-947AE26CD6F9}.Release|x86.Build.0 = Release|Any CPU
	EndGlobalSection
	GlobalSection(SolutionProperties) = preSolution
		HideSolutionNode = FALSE
	EndGlobalSection
	GlobalSection(ExtensibilityGlobals) = postSolution
		SolutionGuid = {5064E3FF-139C-41C3-BC4E-D6BBB578154D}
	EndGlobalSection
EndGlobal
